
Microsoft Visual Studio Solution File, Format Version 12.00
# Visual Studio Version 16
VisualStudioVersion = 25.0.1706.12
MinimumVisualStudioVersion = 10.0.40219.1
Project("{FAE04EC0-301F-11D3-BF4B-00C04F79EFBC}") = "BlogAPI", "BlogAPI.csproj", "{451F0380-E217-4C1F-B9E8-930D7F2B7498}"
EndProject
Global
	GlobalSection(SolutionConfigurationPlatforms) = preSolution
		Debug|Any CPU = Debug|Any CPU
		Release|Any CPU = Release|Any CPU
	EndGlobalSection
	GlobalSection(ProjectConfigurationPlatforms) = postSolution
		{451F0380-E217-4C1F-B9E8-930D7F2B7498}.Debug|Any CPU.ActiveCfg = Debug|Any CPU
		{451F0380-E217-4C1F-B9E8-930D7F2B7498}.Debug|Any CPU.Build.0 = Debug|Any CPU
		{451F0380-E217-4C1F-B9E8-930D7F2B7498}.Release|Any CPU.ActiveCfg = Release|Any CPU
		{451F0380-E217-4C1F-B9E8-930D7F2B7498}.Release|Any CPU.Build.0 = Release|Any CPU
	EndGlobalSection
	GlobalSection(SolutionProperties) = preSolution
		HideSolutionNode = FALSE
	EndGlobalSection
	GlobalSection(ExtensibilityGlobals) = postSolution
		SolutionGuid = {2945D8A7-B3B6-46F5-A637-CA1319728F68}
	EndGlobalSection
EndGlobal
